
Microsoft Visual Studio Solution File, Format Version 12.00
# Visual Studio Version 16
VisualStudioVersion = 16.0.34031.81
MinimumVisualStudioVersion = 10.0.40219.1
Project("{FAE04EC0-301F-11D3-BF4B-00C04F79EFBC}") = "Tyuiu.ChepurnykhSR.Sprint6.Task0.V11", "Tyuiu.ChepurnykhSR.Sprint6.Task0.V11\Tyuiu.ChepurnykhSR.Sprint6.Task0.V11.csproj", "{216BFF00-0D26-4D9A-9C8A-AA6AA33A64EC}"
EndProject
Project("{FAE04EC0-301F-11D3-BF4B-00C04F79EFBC}") = "Tyuiu.ChepurnykhSR.Sprint6.Task0.V11.Lib", "Tyuiu.ChepurnykhSR.Sprint6.Task0.V11.Lib\Tyuiu.ChepurnykhSR.Sprint6.Task0.V11.Lib.csproj", "{B866E16E-1E75-4067-AAF7-7697B1046FB6}"
EndProject
Project("{FAE04EC0-301F-11D3-BF4B-00C04F79EFBC}") = "Tyuiu.ChepurnykhSR.Sprint6.Task0.V11.Test", "Tyuiu.ChepurnykhSR.Sprint6.Task0.V11.Test\Tyuiu.ChepurnykhSR.Sprint6.Task0.V11.Test.csproj", "{DCD7A60C-18C1-4834-AA89-B99ADBCCDAA2}"
EndProject
Project("{2150E333-8FDC-42A3-9474-1A3956D46DE8}") = "Task0", "Task0", "{DCC5DD7E-AC59-4677-A896-450178A95D56}"
EndProject
Project("{2150E333-8FDC-42A3-9474-1A3956D46DE8}") = "Task1", "Task1", "{4E521527-E6FA-4FF2-9E28-86D706647B79}"
EndProject
Project("{FAE04EC0-301F-11D3-BF4B-00C04F79EFBC}") = "Tyuiu.ChepurnykhSR.Sprint6.Task1.V29", "Tyuiu.ChepurnykhSR.Sprint6.Task1.V29\Tyuiu.ChepurnykhSR.Sprint6.Task1.V29.csproj", "{D4D0B06A-9F75-4082-8D35-748ABAC9A5E6}"
EndProject
Project("{FAE04EC0-301F-11D3-BF4B-00C04F79EFBC}") = "Tyuiu.ChepurnykhSR.Sprint6.Task1.V29.Lib", "Tyuiu.ChepurnykhSR.Sprint6.Task1.V29.Lib\Tyuiu.ChepurnykhSR.Sprint6.Task1.V29.Lib.csproj", "{9657F429-4047-4F79-8C72-8F9D5C072FCB}"
EndProject
Project("{FAE04EC0-301F-11D3-BF4B-00C04F79EFBC}") = "Tyuiu.ChepurnykhSR.Sprint6.Task1.V29.Test", "Tyuiu.ChepurnykhSR.Sprint6.Task1.V29.Test\Tyuiu.ChepurnykhSR.Sprint6.Task1.V29.Test.csproj", "{B701E583-B3F6-4E5D-8493-AC7520F80BEF}"
EndProject
Project("{2150E333-8FDC-42A3-9474-1A3956D46DE8}") = "Task2", "Task2", "{5EE4BE64-BDFF-497A-AF2B-161731355FD1}"
EndProject
Project("{FAE04EC0-301F-11D3-BF4B-00C04F79EFBC}") = "Tyuiu.ChepurnykhSR.Sprint6.Task2.V8", "Tyuiu.ChepurnykhSR.Sprint6.Task2.V8\Tyuiu.ChepurnykhSR.Sprint6.Task2.V8.csproj", "{5DFFD752-5371-4589-9B4A-C3086AAB40E9}"
EndProject
Project("{FAE04EC0-301F-11D3-BF4B-00C04F79EFBC}") = "Tyuiu.ChepurnykhSR.Sprint6.Task2.V8.Lib", "Tyuiu.ChepurnykhSR.Sprint6.Task2.V8.Lib\Tyuiu.ChepurnykhSR.Sprint6.Task2.V8.Lib.csproj", "{31855653-07FB-4F14-A52D-EFF7DA157AD7}"
EndProject
Project("{FAE04EC0-301F-11D3-BF4B-00C04F79EFBC}") = "Tyuiu.ChepurnykhSR.Sprint6.Task2.V8.Test", "Tyuiu.ChepurnykhSR.Sprint6.Task2.V8.Test\Tyuiu.ChepurnykhSR.Sprint6.Task2.V8.Test.csproj", "{4B71DEB4-EE83-43E7-BF90-710C4C183293}"
EndProject
Global
	GlobalSection(SolutionConfigurationPlatforms) = preSolution
		Debug|Any CPU = Debug|Any CPU
		Release|Any CPU = Release|Any CPU
	EndGlobalSection
	GlobalSection(ProjectConfigurationPlatforms) = postSolution
		{216BFF00-0D26-4D9A-9C8A-AA6AA33A64EC}.Debug|Any CPU.ActiveCfg = Debug|Any CPU
		{216BFF00-0D26-4D9A-9C8A-AA6AA33A64EC}.Debug|Any CPU.Build.0 = Debug|Any CPU
		{216BFF00-0D26-4D9A-9C8A-AA6AA33A64EC}.Release|Any CPU.ActiveCfg = Release|Any CPU
		{216BFF00-0D26-4D9A-9C8A-AA6AA33A64EC}.Release|Any CPU.Build.0 = Release|Any CPU
		{B866E16E-1E75-4067-AAF7-7697B1046FB6}.Debug|Any CPU.ActiveCfg = Debug|Any CPU
		{B866E16E-1E75-4067-AAF7-7697B1046FB6}.Debug|Any CPU.Build.0 = Debug|Any CPU
		{B866E16E-1E75-4067-AAF7-7697B1046FB6}.Release|Any CPU.ActiveCfg = Release|Any CPU
		{B866E16E-1E75-4067-AAF7-7697B1046FB6}.Release|Any CPU.Build.0 = Release|Any CPU
		{DCD7A60C-18C1-4834-AA89-B99ADBCCDAA2}.Debug|Any CPU.ActiveCfg = Debug|Any CPU
		{DCD7A60C-18C1-4834-AA89-B99ADBCCDAA2}.Debug|Any CPU.Build.0 = Debug|Any CPU
		{DCD7A60C-18C1-4834-AA89-B99ADBCCDAA2}.Release|Any CPU.ActiveCfg = Release|Any CPU
		{DCD7A60C-18C1-4834-AA89-B99ADBCCDAA2}.Release|Any CPU.Build.0 = Release|Any CPU
		{D4D0B06A-9F75-4082-8D35-748ABAC9A5E6}.Debug|Any CPU.ActiveCfg = Debug|Any CPU
		{D4D0B06A-9F75-4082-8D35-748ABAC9A5E6}.Debug|Any CPU.Build.0 = Debug|Any CPU
		{D4D0B06A-9F75-4082-8D35-748ABAC9A5E6}.Release|Any CPU.ActiveCfg = Release|Any CPU
		{D4D0B06A-9F75-4082-8D35-748ABAC9A5E6}.Release|Any CPU.Build.0 = Release|Any CPU
		{9657F429-4047-4F79-8C72-8F9D5C072FCB}.Debug|Any CPU.ActiveCfg = Debug|Any CPU
		{9657F429-4047-4F79-8C72-8F9D5C072FCB}.Debug|Any CPU.Build.0 = Debug|Any CPU
		{9657F429-4047-4F79-8C72-8F9D5C072FCB}.Release|Any CPU.ActiveCfg = Release|Any CPU
		{9657F429-4047-4F79-8C72-8F9D5C072FCB}.Release|Any CPU.Build.0 = Release|Any CPU
		{B701E583-B3F6-4E5D-8493-AC7520F80BEF}.Debug|Any CPU.ActiveCfg = Debug|Any CPU
		{B701E583-B3F6-4E5D-8493-AC7520F80BEF}.Debug|Any CPU.Build.0 = Debug|Any CPU
		{B701E583-B3F6-4E5D-8493-AC7520F80BEF}.Release|Any CPU.ActiveCfg = Release|Any CPU
		{B701E583-B3F6-4E5D-8493-AC7520F80BEF}.Release|Any CPU.Build.0 = Release|Any CPU
		{5DFFD752-5371-4589-9B4A-C3086AAB40E9}.Debug|Any CPU.ActiveCfg = Debug|Any CPU
		{5DFFD752-5371-4589-9B4A-C3086AAB40E9}.Debug|Any CPU.Build.0 = Debug|Any CPU
		{5DFFD752-5371-4589-9B4A-C3086AAB40E9}.Release|Any CPU.ActiveCfg = Release|Any CPU
		{5DFFD752-5371-4589-9B4A-C3086AAB40E9}.Release|Any CPU.Build.0 = Release|Any CPU
		{31855653-07FB-4F14-A52D-EFF7DA157AD7}.Debug|Any CPU.ActiveCfg = Debug|Any CPU
		{31855653-07FB-4F14-A52D-EFF7DA157AD7}.Debug|Any CPU.Build.0 = Debug|Any CPU
		{31855653-07FB-4F14-A52D-EFF7DA157AD7}.Release|Any CPU.ActiveCfg = Release|Any CPU
		{31855653-07FB-4F14-A52D-EFF7DA157AD7}.Release|Any CPU.Build.0 = Release|Any CPU
		{4B71DEB4-EE83-43E7-BF90-710C4C183293}.Debug|Any CPU.ActiveCfg = Debug|Any CPU
		{4B71DEB4-EE83-43E7-BF90-710C4C183293}.Debug|Any CPU.Build.0 = Debug|Any CPU
		{4B71DEB4-EE83-43E7-BF90-710C4C183293}.Release|Any CPU.ActiveCfg = Release|Any CPU
		{4B71DEB4-EE83-43E7-BF90-710C4C183293}.Release|Any CPU.Build.0 = Release|Any CPU
	EndGlobalSection
	GlobalSection(SolutionProperties) = preSolution
		HideSolutionNode = FALSE
	EndGlobalSection
	GlobalSection(NestedProjects) = preSolution
		{216BFF00-0D26-4D9A-9C8A-AA6AA33A64EC} = {DCC5DD7E-AC59-4677-A896-450178A95D56}
		{B866E16E-1E75-4067-AAF7-7697B1046FB6} = {DCC5DD7E-AC59-4677-A896-450178A95D56}
		{DCD7A60C-18C1-4834-AA89-B99ADBCCDAA2} = {DCC5DD7E-AC59-4677-A896-450178A95D56}
		{D4D0B06A-9F75-4082-8D35-748ABAC9A5E6} = {4E521527-E6FA-4FF2-9E28-86D706647B79}
		{9657F429-4047-4F79-8C72-8F9D5C072FCB} = {4E521527-E6FA-4FF2-9E28-86D706647B79}
		{B701E583-B3F6-4E5D-8493-AC7520F80BEF} = {4E521527-E6FA-4FF2-9E28-86D706647B79}
		{5DFFD752-5371-4589-9B4A-C3086AAB40E9} = {5EE4BE64-BDFF-497A-AF2B-161731355FD1}
		{31855653-07FB-4F14-A52D-EFF7DA157AD7} = {5EE4BE64-BDFF-497A-AF2B-161731355FD1}
		{4B71DEB4-EE83-43E7-BF90-710C4C183293} = {5EE4BE64-BDFF-497A-AF2B-161731355FD1}
	EndGlobalSection
	GlobalSection(ExtensibilityGlobals) = postSolution
		SolutionGuid = {95B24CAF-CC12-4C0E-BB0D-FCAEFF1311D7}
	EndGlobalSection
EndGlobal
